
Microsoft Visual Studio Solution File, Format Version 12.00
# Visual Studio 15
VisualStudioVersion = 15.0.26124.0
MinimumVisualStudioVersion = 15.0.26124.0
Project("{2150E333-8FDC-42A3-9474-1A3956D46DE8}") = "src", "src", "{D25C2CE8-244D-41B5-824B-0597079A5E74}"
EndProject
Project("{FAE04EC0-301F-11D3-BF4B-00C04F79EFBC}") = "Jano.API", "src\Jano.API\Jano.API.csproj", "{9AA6D123-45A2-46B9-8AF6-7DD9CC804B99}"
EndProject
Project("{FAE04EC0-301F-11D3-BF4B-00C04F79EFBC}") = "Jano.Domain", "src\Jano.Domain\Jano.Domain.csproj", "{0B1F148C-A5C5-4CB4-98F6-EDB01963149A}"
EndProject
Project("{FAE04EC0-301F-11D3-BF4B-00C04F79EFBC}") = "Jano.Infrastructure", "src\Jano.Infrastructure\Jano.Infrastructure.csproj", "{2EB08517-D235-47EF-BE43-5145F73DE61C}"
EndProject
Global
	GlobalSection(SolutionConfigurationPlatforms) = preSolution
		Debug|Any CPU = Debug|Any CPU
		Debug|x64 = Debug|x64
		Debug|x86 = Debug|x86
		Release|Any CPU = Release|Any CPU
		Release|x64 = Release|x64
		Release|x86 = Release|x86
	EndGlobalSection
	GlobalSection(SolutionProperties) = preSolution
		HideSolutionNode = FALSE
	EndGlobalSection
	GlobalSection(ProjectConfigurationPlatforms) = postSolution
		{9AA6D123-45A2-46B9-8AF6-7DD9CC804B99}.Debug|Any CPU.ActiveCfg = Debug|Any CPU
		{9AA6D123-45A2-46B9-8AF6-7DD9CC804B99}.Debug|Any CPU.Build.0 = Debug|Any CPU
		{9AA6D123-45A2-46B9-8AF6-7DD9CC804B99}.Debug|x64.ActiveCfg = Debug|Any CPU
		{9AA6D123-45A2-46B9-8AF6-7DD9CC804B99}.Debug|x64.Build.0 = Debug|Any CPU
		{9AA6D123-45A2-46B9-8AF6-7DD9CC804B99}.Debug|x86.ActiveCfg = Debug|Any CPU
		{9AA6D123-45A2-46B9-8AF6-7DD9CC804B99}.Debug|x86.Build.0 = Debug|Any CPU
		{9AA6D123-45A2-46B9-8AF6-7DD9CC804B99}.Release|Any CPU.ActiveCfg = Release|Any CPU
		{9AA6D123-45A2-46B9-8AF6-7DD9CC804B99}.Release|Any CPU.Build.0 = Release|Any CPU
		{9AA6D123-45A2-46B9-8AF6-7DD9CC804B99}.Release|x64.ActiveCfg = Release|Any CPU
		{9AA6D123-45A2-46B9-8AF6-7DD9CC804B99}.Release|x64.Build.0 = Release|Any CPU
		{9AA6D123-45A2-46B9-8AF6-7DD9CC804B99}.Release|x86.ActiveCfg = Release|Any CPU
		{9AA6D123-45A2-46B9-8AF6-7DD9CC804B99}.Release|x86.Build.0 = Release|Any CPU
		{0B1F148C-A5C5-4CB4-98F6-EDB01963149A}.Debug|Any CPU.ActiveCfg = Debug|Any CPU
		{0B1F148C-A5C5-4CB4-98F6-EDB01963149A}.Debug|Any CPU.Build.0 = Debug|Any CPU
		{0B1F148C-A5C5-4CB4-98F6-EDB01963149A}.Debug|x64.ActiveCfg = Debug|Any CPU
		{0B1F148C-A5C5-4CB4-98F6-EDB01963149A}.Debug|x64.Build.0 = Debug|Any CPU
		{0B1F148C-A5C5-4CB4-98F6-EDB01963149A}.Debug|x86.ActiveCfg = Debug|Any CPU
		{0B1F148C-A5C5-4CB4-98F6-EDB01963149A}.Debug|x86.Build.0 = Debug|Any CPU
		{0B1F148C-A5C5-4CB4-98F6-EDB01963149A}.Release|Any CPU.ActiveCfg = Release|Any CPU
		{0B1F148C-A5C5-4CB4-98F6-EDB01963149A}.Release|Any CPU.Build.0 = Release|Any CPU
		{0B1F148C-A5C5-4CB4-98F6-EDB01963149A}.Release|x64.ActiveCfg = Release|Any CPU
		{0B1F148C-A5C5-4CB4-98F6-EDB01963149A}.Release|x64.Build.0 = Release|Any CPU
		{0B1F148C-A5C5-4CB4-98F6-EDB01963149A}.Release|x86.ActiveCfg = Release|Any CPU
		{0B1F148C-A5C5-4CB4-98F6-EDB01963149A}.Release|x86.Build.0 = Release|Any CPU
		{2EB08517-D235-47EF-BE43-5145F73DE61C}.Debug|Any CPU.ActiveCfg = Debug|Any CPU
		{2EB08517-D235-47EF-BE43-5145F73DE61C}.Debug|Any CPU.Build.0 = Debug|Any CPU
		{2EB08517-D235-47EF-BE43-5145F73DE61C}.Debug|x64.ActiveCfg = Debug|Any CPU
		{2EB08517-D235-47EF-BE43-5145F73DE61C}.Debug|x64.Build.0 = Debug|Any CPU
		{2EB08517-D235-47EF-BE43-5145F73DE61C}.Debug|x86.ActiveCfg = Debug|Any CPU
		{2EB08517-D235-47EF-BE43-5145F73DE61C}.Debug|x86.Build.0 = Debug|Any CPU
		{2EB08517-D235-47EF-BE43-5145F73DE61C}.Release|Any CPU.ActiveCfg = Release|Any CPU
		{2EB08517-D235-47EF-BE43-5145F73DE61C}.Release|Any CPU.Build.0 = Release|Any CPU
		{2EB08517-D235-47EF-BE43-5145F73DE61C}.Release|x64.ActiveCfg = Release|Any CPU
		{2EB08517-D235-47EF-BE43-5145F73DE61C}.Release|x64.Build.0 = Release|Any CPU
		{2EB08517-D235-47EF-BE43-5145F73DE61C}.Release|x86.ActiveCfg = Release|Any CPU
		{2EB08517-D235-47EF-BE43-5145F73DE61C}.Release|x86.Build.0 = Release|Any CPU
	EndGlobalSection
	GlobalSection(NestedProjects) = preSolution
		{9AA6D123-45A2-46B9-8AF6-7DD9CC804B99} = {D25C2CE8-244D-41B5-824B-0597079A5E74}
		{0B1F148C-A5C5-4CB4-98F6-EDB01963149A} = {D25C2CE8-244D-41B5-824B-0597079A5E74}
		{2EB08517-D235-47EF-BE43-5145F73DE61C} = {D25C2CE8-244D-41B5-824B-0597079A5E74}
	EndGlobalSection
EndGlobal
